
Microsoft Visual Studio Solution File, Format Version 12.00
# Visual Studio 15
VisualStudioVersion = 15.0.27428.2037
MinimumVisualStudioVersion = 10.0.40219.1
Project("{9A19103F-16F7-4668-BE54-9A1E7A4F7556}") = "TestMakerFree", "TestMakerFree\TestMakerFree.csproj", "{CF4F531C-6937-43BD-AF5B-39FF7918AD09}"
EndProject
Global
	GlobalSection(SolutionConfigurationPlatforms) = preSolution
		Debug|Any CPU = Debug|Any CPU
		Release|Any CPU = Release|Any CPU
	EndGlobalSection
	GlobalSection(ProjectConfigurationPlatforms) = postSolution
		{CF4F531C-6937-43BD-AF5B-39FF7918AD09}.Debug|Any CPU.ActiveCfg = Debug|Any CPU
		{CF4F531C-6937-43BD-AF5B-39FF7918AD09}.Debug|Any CPU.Build.0 = Debug|Any CPU
		{CF4F531C-6937-43BD-AF5B-39FF7918AD09}.Release|Any CPU.ActiveCfg = Release|Any CPU
		{CF4F531C-6937-43BD-AF5B-39FF7918AD09}.Release|Any CPU.Build.0 = Release|Any CPU
	EndGlobalSection
	GlobalSection(SolutionProperties) = preSolution
		HideSolutionNode = FALSE
	EndGlobalSection
	GlobalSection(ExtensibilityGlobals) = postSolution
		SolutionGuid = {0C91CAC3-E0E0-4791-B014-F2E85F2AE52E}
		LessCompiler = cf4f531c-6937-43bd-af5b-39ff7918ad09
	EndGlobalSection
EndGlobal
